version = 1
revision = 2
requires-python = ">=3.12"
resolution-markers = [
    "sys_platform == 'linux' or sys_platform == 'win32'",
    "sys_platform != 'linux' and sys_platform != 'win32'",
]

[[package]]
name = "affine-gym-env"
version = "0.0.1"
source = { editable = "." }
dependencies = [
    { name = "black" },
    { name = "gymnasium" },
    { name = "numba" },
    { name = "numpy" },
    { name = "pre-commit" },
    { name = "pygame" },
]

[package.metadata]
requires-dist = [
    { name = "black", specifier = ">=25.1.0" },
    { name = "gymnasium" },
    { name = "numba" },
    { name = "numpy" },
    { name = "pre-commit" },
    { name = "pygame" },
]

[[package]]
name = "black"
version = "25.1.0"
source = { registry = "https://pypi.org/simple" }
dependencies = [
    { name = "click" },
    { name = "mypy-extensions" },
    { name = "packaging" },
    { name = "pathspec" },
    { name = "platformdirs" },
]
sdist = { url = "https://files.pythonhosted.org/packages/94/49/26a7b0f3f35da4b5a65f081943b7bcd22d7002f5f0fb8098ec1ff21cb6ef/black-25.1.0.tar.gz", hash = "sha256:33496d5cd1222ad73391352b4ae8da15253c5de89b93a80b3e2c8d9a19ec2666", size = 649449, upload-time = "2025-01-29T04:15:40.373Z" }
wheels = [
    { url = "https://files.pythonhosted.org/packages/83/71/3fe4741df7adf015ad8dfa082dd36c94ca86bb21f25608eb247b4afb15b2/black-25.1.0-cp312-cp312-macosx_10_13_x86_64.whl", hash = "sha256:4b60580e829091e6f9238c848ea6750efed72140b91b048770b64e74fe04908b", size = 1650988, upload-time = "2025-01-29T05:37:16.707Z" },
    { url = "https://files.pythonhosted.org/packages/13/f3/89aac8a83d73937ccd39bbe8fc6ac8860c11cfa0af5b1c96d081facac844/black-25.1.0-cp312-cp312-macosx_11_0_arm64.whl", hash = "sha256:1e2978f6df243b155ef5fa7e558a43037c3079093ed5d10fd84c43900f2d8ecc", size = 1453985, upload-time = "2025-01-29T05:37:18.273Z" },
    { url = "https://files.pythonhosted.org/packages/6f/22/b99efca33f1f3a1d2552c714b1e1b5ae92efac6c43e790ad539a163d1754/black-25.1.0-cp312-cp312-manylinux_2_17_x86_64.manylinux2014_x86_64.manylinux_2_28_x86_64.whl", hash = "sha256:3b48735872ec535027d979e8dcb20bf4f70b5ac75a8ea99f127c106a7d7aba9f", size = 1783816, upload-time = "2025-01-29T04:18:33.823Z" },
    { url = "https://files.pythonhosted.org/packages/18/7e/a27c3ad3822b6f2e0e00d63d58ff6299a99a5b3aee69fa77cd4b0076b261/black-25.1.0-cp312-cp312-win_amd64.whl", hash = "sha256:ea0213189960bda9cf99be5b8c8ce66bb054af5e9e861249cd23471bd7b0b3ba", size = 1440860, upload-time = "2025-01-29T04:19:12.944Z" },
    { url = "https://files.pythonhosted.org/packages/98/87/0edf98916640efa5d0696e1abb0a8357b52e69e82322628f25bf14d263d1/black-25.1.0-cp313-cp313-macosx_10_13_x86_64.whl", hash = "sha256:8f0b18a02996a836cc9c9c78e5babec10930862827b1b724ddfe98ccf2f2fe4f", size = 1650673, upload-time = "2025-01-29T05:37:20.574Z" },
    { url = "https://files.pythonhosted.org/packages/52/e5/f7bf17207cf87fa6e9b676576749c6b6ed0d70f179a3d812c997870291c3/black-25.1.0-cp313-cp313-macosx_11_0_arm64.whl", hash = "sha256:afebb7098bfbc70037a053b91ae8437c3857482d3a690fefc03e9ff7aa9a5fd3", size = 1453190, upload-time = "2025-01-29T05:37:22.106Z" },
    { url = "https://files.pythonhosted.org/packages/e3/ee/adda3d46d4a9120772fae6de454c8495603c37c4c3b9c60f25b1ab6401fe/black-25.1.0-cp313-cp313-manylinux_2_17_x86_64.manylinux2014_x86_64.manylinux_2_28_x86_64.whl", hash = "sha256:030b9759066a4ee5e5aca28c3c77f9c64789cdd4de8ac1df642c40b708be6171", size = 1782926, upload-time = "2025-01-29T04:18:58.564Z" },
    { url = "https://files.pythonhosted.org/packages/cc/64/94eb5f45dcb997d2082f097a3944cfc7fe87e071907f677e80788a2d7b7a/black-25.1.0-cp313-cp313-win_amd64.whl", hash = "sha256:a22f402b410566e2d1c950708c77ebf5ebd5d0d88a6a2e87c86d9fb48afa0d18", size = 1442613, upload-time = "2025-01-29T04:19:27.63Z" },
    { url = "https://files.pythonhosted.org/packages/09/71/54e999902aed72baf26bca0d50781b01838251a462612966e9fc4891eadd/black-25.1.0-py3-none-any.whl", hash = "sha256:95e8176dae143ba9097f351d174fdaf0ccd29efb414b362ae3fd72bf0f710717", size = 207646, upload-time = "2025-01-29T04:15:38.082Z" },
]

[[package]]
name = "cfgv"
version = "3.4.0"
source = { registry = "https://pypi.org/simple" }
sdist = { url = "https://files.pythonhosted.org/packages/11/74/539e56497d9bd1d484fd863dd69cbbfa653cd2aa27abfe35653494d85e94/cfgv-3.4.0.tar.gz", hash = "sha256:e52591d4c5f5dead8e0f673fb16db7949d2cfb3f7da4582893288f0ded8fe560", size = 7114, upload-time = "2023-08-12T20:38:17.776Z" }
wheels = [
    { url = "https://files.pythonhosted.org/packages/c5/55/51844dd50c4fc7a33b653bfaba4c2456f06955289ca770a5dbd5fd267374/cfgv-3.4.0-py2.py3-none-any.whl", hash = "sha256:b7265b1f29fd3316bfcd2b330d63d024f2bfd8bcb8b0272f8e19a504856c48f9", size = 7249, upload-time = "2023-08-12T20:38:16.269Z" },
]

[[package]]
name = "click"
version = "8.2.1"
source = { registry = "https://pypi.org/simple" }
dependencies = [
    { name = "colorama", marker = "sys_platform == 'win32'" },
]
sdist = { url = "https://files.pythonhosted.org/packages/60/6c/8ca2efa64cf75a977a0d7fac081354553ebe483345c734fb6b6515d96bbc/click-8.2.1.tar.gz", hash = "sha256:27c491cc05d968d271d5a1db13e3b5a184636d9d930f148c50b038f0d0646202", size = 286342, upload-time = "2025-05-20T23:19:49.832Z" }
wheels = [
    { url = "https://files.pythonhosted.org/packages/85/32/10bb5764d90a8eee674e9dc6f4db6a0ab47c8c4d0d83c27f7c39ac415a4d/click-8.2.1-py3-none-any.whl", hash = "sha256:61a3265b914e850b85317d0b3109c7f8cd35a670f963866005d6ef1d5175a12b", size = 102215, upload-time = "2025-05-20T23:19:47.796Z" },
]

[[package]]
name = "cloudpickle"
version = "3.1.1"
source = { registry = "https://pypi.org/simple" }
sdist = { url = "https://files.pythonhosted.org/packages/52/39/069100b84d7418bc358d81669d5748efb14b9cceacd2f9c75f550424132f/cloudpickle-3.1.1.tar.gz", hash = "sha256:b216fa8ae4019d5482a8ac3c95d8f6346115d8835911fd4aefd1a445e4242c64", size = 22113, upload-time = "2025-01-14T17:02:05.085Z" }
wheels = [
    { url = "https://files.pythonhosted.org/packages/7e/e8/64c37fadfc2816a7701fa8a6ed8d87327c7d54eacfbfb6edab14a2f2be75/cloudpickle-3.1.1-py3-none-any.whl", hash = "sha256:c8c5a44295039331ee9dad40ba100a9c7297b6f988e50e87ccdf3765a668350e", size = 20992, upload-time = "2025-01-14T17:02:02.417Z" },
]

[[package]]
name = "colorama"
version = "0.4.6"
source = { registry = "https://pypi.org/simple" }
sdist = { url = "https://files.pythonhosted.org/packages/d8/53/6f443c9a4a8358a93a6792e2acffb9d9d5cb0a5cfd8802644b7b1c9a02e4/colorama-0.4.6.tar.gz", hash = "sha256:08695f5cb7ed6e0531a20572697297273c47b8cae5a63ffc6d6ed5c201be6e44", size = 27697, upload-time = "2022-10-25T02:36:22.414Z" }
wheels = [
    { url = "https://files.pythonhosted.org/packages/d1/d6/3965ed04c63042e047cb6a3e6ed1a63a35087b6a609aa3a15ed8ac56c221/colorama-0.4.6-py2.py3-none-any.whl", hash = "sha256:4f1d9991f5acc0ca119f9d443620b77f9d6b33703e51011c16baf57afb285fc6", size = 25335, upload-time = "2022-10-25T02:36:20.889Z" },
]

[[package]]
name = "distlib"
version = "0.3.9"
source = { registry = "https://pypi.org/simple" }
sdist = { url = "https://files.pythonhosted.org/packages/0d/dd/1bec4c5ddb504ca60fc29472f3d27e8d4da1257a854e1d96742f15c1d02d/distlib-0.3.9.tar.gz", hash = "sha256:a60f20dea646b8a33f3e7772f74dc0b2d0772d2837ee1342a00645c81edf9403", size = 613923, upload-time = "2024-10-09T18:35:47.551Z" }
wheels = [
    { url = "https://files.pythonhosted.org/packages/91/a1/cf2472db20f7ce4a6be1253a81cfdf85ad9c7885ffbed7047fb72c24cf87/distlib-0.3.9-py2.py3-none-any.whl", hash = "sha256:47f8c22fd27c27e25a65601af709b38e4f0a45ea4fc2e710f65755fa8caaaf87", size = 468973, upload-time = "2024-10-09T18:35:44.272Z" },
]

[[package]]
name = "farama-notifications"
version = "0.0.4"
source = { registry = "https://pypi.org/simple" }
sdist = { url = "https://files.pythonhosted.org/packages/2e/2c/8384832b7a6b1fd6ba95bbdcae26e7137bb3eedc955c42fd5cdcc086cfbf/Farama-Notifications-0.0.4.tar.gz", hash = "sha256:13fceff2d14314cf80703c8266462ebf3733c7d165336eee998fc58e545efd18", size = 2131, upload-time = "2023-02-27T18:28:41.047Z" }
wheels = [
    { url = "https://files.pythonhosted.org/packages/05/2c/ffc08c54c05cdce6fbed2aeebc46348dbe180c6d2c541c7af7ba0aa5f5f8/Farama_Notifications-0.0.4-py3-none-any.whl", hash = "sha256:14de931035a41961f7c056361dc7f980762a143d05791ef5794a751a2caf05ae", size = 2511, upload-time = "2023-02-27T18:28:39.447Z" },
]

[[package]]
name = "filelock"
version = "3.18.0"
source = { registry = "https://pypi.org/simple" }
sdist = { url = "https://files.pythonhosted.org/packages/0a/10/c23352565a6544bdc5353e0b15fc1c563352101f30e24bf500207a54df9a/filelock-3.18.0.tar.gz", hash = "sha256:adbc88eabb99d2fec8c9c1b229b171f18afa655400173ddc653d5d01501fb9f2", size = 18075, upload-time = "2025-03-14T07:11:40.47Z" }
wheels = [
    { url = "https://files.pythonhosted.org/packages/4d/36/2a115987e2d8c300a974597416d9de88f2444426de9571f4b59b2cca3acc/filelock-3.18.0-py3-none-any.whl", hash = "sha256:c401f4f8377c4464e6db25fff06205fd89bdd83b65eb0488ed1b160f780e21de", size = 16215, upload-time = "2025-03-14T07:11:39.145Z" },
]

[[package]]
name = "gymnasium"
version = "1.2.0"
source = { registry = "https://pypi.org/simple" }
dependencies = [
    { name = "cloudpickle" },
    { name = "farama-notifications" },
    { name = "numpy" },
    { name = "typing-extensions" },
]
sdist = { url = "https://files.pythonhosted.org/packages/fd/17/c2a0e15c2cd5a8e788389b280996db927b923410de676ec5c7b2695e9261/gymnasium-1.2.0.tar.gz", hash = "sha256:344e87561012558f603880baf264ebc97f8a5c997a957b0c9f910281145534b0", size = 821142, upload-time = "2025-06-27T08:21:20.262Z" }
wheels = [
    { url = "https://files.pythonhosted.org/packages/a0/e2/a111dbb8625af467ea4760a1373d6ef27aac3137931219902406ccc05423/gymnasium-1.2.0-py3-none-any.whl", hash = "sha256:fc4a1e4121a9464c29b4d7dc6ade3fbeaa36dea448682f5f71a6d2c17489ea76", size = 944301, upload-time = "2025-06-27T08:21:18.83Z" },
]

[[package]]
name = "identify"
version = "2.6.13"
source = { registry = "https://pypi.org/simple" }
sdist = { url = "https://files.pythonhosted.org/packages/82/ca/ffbabe3635bb839aa36b3a893c91a9b0d368cb4d8073e03a12896970af82/identify-2.6.13.tar.gz", hash = "sha256:da8d6c828e773620e13bfa86ea601c5a5310ba4bcd65edf378198b56a1f9fb32", size = 99243, upload-time = "2025-08-09T19:35:00.6Z" }
wheels = [
    { url = "https://files.pythonhosted.org/packages/e7/ce/461b60a3ee109518c055953729bf9ed089a04db895d47e95444071dcdef2/identify-2.6.13-py2.py3-none-any.whl", hash = "sha256:60381139b3ae39447482ecc406944190f690d4a2997f2584062089848361b33b", size = 99153, upload-time = "2025-08-09T19:34:59.1Z" },
]

[[package]]
name = "llvmlite"
version = "0.44.0"
source = { registry = "https://pypi.org/simple" }
sdist = { url = "https://files.pythonhosted.org/packages/89/6a/95a3d3610d5c75293d5dbbb2a76480d5d4eeba641557b69fe90af6c5b84e/llvmlite-0.44.0.tar.gz", hash = "sha256:07667d66a5d150abed9157ab6c0b9393c9356f229784a4385c02f99e94fc94d4", size = 171880, upload-time = "2025-01-20T11:14:41.342Z" }
wheels = [
    { url = "https://files.pythonhosted.org/packages/15/86/e3c3195b92e6e492458f16d233e58a1a812aa2bfbef9bdd0fbafcec85c60/llvmlite-0.44.0-cp312-cp312-macosx_10_14_x86_64.whl", hash = "sha256:1d671a56acf725bf1b531d5ef76b86660a5ab8ef19bb6a46064a705c6ca80aad", size = 28132297, upload-time = "2025-01-20T11:13:32.57Z" },
    { url = "https://files.pythonhosted.org/packages/d6/53/373b6b8be67b9221d12b24125fd0ec56b1078b660eeae266ec388a6ac9a0/llvmlite-0.44.0-cp312-cp312-macosx_11_0_arm64.whl", hash = "sha256:5f79a728e0435493611c9f405168682bb75ffd1fbe6fc360733b850c80a026db", size = 26201105, upload-time = "2025-01-20T11:13:38.744Z" },
    { url = "https://files.pythonhosted.org/packages/cb/da/8341fd3056419441286c8e26bf436923021005ece0bff5f41906476ae514/llvmlite-0.44.0-cp312-cp312-manylinux_2_17_x86_64.manylinux2014_x86_64.whl", hash = "sha256:c0143a5ef336da14deaa8ec26c5449ad5b6a2b564df82fcef4be040b9cacfea9", size = 42361901, upload-time = "2025-01-20T11:13:46.711Z" },
    { url = "https://files.pythonhosted.org/packages/53/ad/d79349dc07b8a395a99153d7ce8b01d6fcdc9f8231355a5df55ded649b61/llvmlite-0.44.0-cp312-cp312-manylinux_2_27_aarch64.manylinux_2_28_aarch64.whl", hash = "sha256:d752f89e31b66db6f8da06df8b39f9b91e78c5feea1bf9e8c1fba1d1c24c065d", size = 41184247, upload-time = "2025-01-20T11:13:56.159Z" },
    { url = "https://files.pythonhosted.org/packages/e2/3b/a9a17366af80127bd09decbe2a54d8974b6d8b274b39bf47fbaedeec6307/llvmlite-0.44.0-cp312-cp312-win_amd64.whl", hash = "sha256:eae7e2d4ca8f88f89d315b48c6b741dcb925d6a1042da694aa16ab3dd4cbd3a1", size = 30332380, upload-time = "2025-01-20T11:14:02.442Z" },
    { url = "https://files.pythonhosted.org/packages/89/24/4c0ca705a717514c2092b18476e7a12c74d34d875e05e4d742618ebbf449/llvmlite-0.44.0-cp313-cp313-macosx_10_14_x86_64.whl", hash = "sha256:319bddd44e5f71ae2689859b7203080716448a3cd1128fb144fe5c055219d516", size = 28132306, upload-time = "2025-01-20T11:14:09.035Z" },
    { url = "https://files.pythonhosted.org/packages/01/cf/1dd5a60ba6aee7122ab9243fd614abcf22f36b0437cbbe1ccf1e3391461c/llvmlite-0.44.0-cp313-cp313-macosx_11_0_arm64.whl", hash = "sha256:9c58867118bad04a0bb22a2e0068c693719658105e40009ffe95c7000fcde88e", size = 26201090, upload-time = "2025-01-20T11:14:15.401Z" },
    { url = "https://files.pythonhosted.org/packages/d2/1b/656f5a357de7135a3777bd735cc7c9b8f23b4d37465505bd0eaf4be9befe/llvmlite-0.44.0-cp313-cp313-manylinux_2_17_x86_64.manylinux2014_x86_64.whl", hash = "sha256:46224058b13c96af1365290bdfebe9a6264ae62fb79b2b55693deed11657a8bf", size = 42361904, upload-time = "2025-01-20T11:14:22.949Z" },
    { url = "https://files.pythonhosted.org/packages/d8/e1/12c5f20cb9168fb3464a34310411d5ad86e4163c8ff2d14a2b57e5cc6bac/llvmlite-0.44.0-cp313-cp313-manylinux_2_27_aarch64.manylinux_2_28_aarch64.whl", hash = "sha256:aa0097052c32bf721a4efc03bd109d335dfa57d9bffb3d4c24cc680711b8b4fc", size = 41184245, upload-time = "2025-01-20T11:14:31.731Z" },
    { url = "https://files.pythonhosted.org/packages/d0/81/e66fc86539293282fd9cb7c9417438e897f369e79ffb62e1ae5e5154d4dd/llvmlite-0.44.0-cp313-cp313-win_amd64.whl", hash = "sha256:2fb7c4f2fb86cbae6dca3db9ab203eeea0e22d73b99bc2341cdf9de93612e930", size = 30331193, upload-time = "2025-01-20T11:14:38.578Z" },
]

[[package]]
name = "mypy-extensions"
version = "1.1.0"
source = { registry = "https://pypi.org/simple" }
sdist = { url = "https://files.pythonhosted.org/packages/a2/6e/371856a3fb9d31ca8dac321cda606860fa4548858c0cc45d9d1d4ca2628b/mypy_extensions-1.1.0.tar.gz", hash = "sha256:52e68efc3284861e772bbcd66823fde5ae21fd2fdb51c62a211403730b916558", size = 6343, upload-time = "2025-04-22T14:54:24.164Z" }
wheels = [
    { url = "https://files.pythonhosted.org/packages/79/7b/2c79738432f5c924bef5071f933bcc9efd0473bac3b4aa584a6f7c1c8df8/mypy_extensions-1.1.0-py3-none-any.whl", hash = "sha256:1be4cccdb0f2482337c4743e60421de3a356cd97508abadd57d47403e94f5505", size = 4963, upload-time = "2025-04-22T14:54:22.983Z" },
]

[[package]]
name = "nodeenv"
version = "1.9.1"
source = { registry = "https://pypi.org/simple" }
sdist = { url = "https://files.pythonhosted.org/packages/43/16/fc88b08840de0e0a72a2f9d8c6bae36be573e475a6326ae854bcc549fc45/nodeenv-1.9.1.tar.gz", hash = "sha256:6ec12890a2dab7946721edbfbcd91f3319c6ccc9aec47be7c7e6b7011ee6645f", size = 47437, upload-time = "2024-06-04T18:44:11.171Z" }
wheels = [
    { url = "https://files.pythonhosted.org/packages/d2/1d/1b658dbd2b9fa9c4c9f32accbfc0205d532c8c6194dc0f2a4c0428e7128a/nodeenv-1.9.1-py2.py3-none-any.whl", hash = "sha256:ba11c9782d29c27c70ffbdda2d7415098754709be8a7056d79a737cd901155c9", size = 22314, upload-time = "2024-06-04T18:44:08.352Z" },
]

[[package]]
name = "numba"
version = "0.61.2"
source = { registry = "https://pypi.org/simple" }
dependencies = [
    { name = "llvmlite" },
    { name = "numpy" },
]
sdist = { url = "https://files.pythonhosted.org/packages/1c/a0/e21f57604304aa03ebb8e098429222722ad99176a4f979d34af1d1ee80da/numba-0.61.2.tar.gz", hash = "sha256:8750ee147940a6637b80ecf7f95062185ad8726c8c28a2295b8ec1160a196f7d", size = 2820615, upload-time = "2025-04-09T02:58:07.659Z" }
wheels = [
    { url = "https://files.pythonhosted.org/packages/b4/a0/c6b7b9c615cfa3b98c4c63f4316e3f6b3bbe2387740277006551784218cd/numba-0.61.2-cp312-cp312-macosx_10_14_x86_64.whl", hash = "sha256:34fba9406078bac7ab052efbf0d13939426c753ad72946baaa5bf9ae0ebb8dd2", size = 2776626, upload-time = "2025-04-09T02:57:51.857Z" },
    { url = "https://files.pythonhosted.org/packages/92/4a/fe4e3c2ecad72d88f5f8cd04e7f7cff49e718398a2fac02d2947480a00ca/numba-0.61.2-cp312-cp312-macosx_11_0_arm64.whl", hash = "sha256:4ddce10009bc097b080fc96876d14c051cc0c7679e99de3e0af59014dab7dfe8", size = 2779287, upload-time = "2025-04-09T02:57:53.658Z" },
    { url = "https://files.pythonhosted.org/packages/9a/2d/e518df036feab381c23a624dac47f8445ac55686ec7f11083655eb707da3/numba-0.61.2-cp312-cp312-manylinux2014_x86_64.manylinux_2_17_x86_64.whl", hash = "sha256:5b1bb509d01f23d70325d3a5a0e237cbc9544dd50e50588bc581ba860c213546", size = 3885928, upload-time = "2025-04-09T02:57:55.206Z" },
    { url = "https://files.pythonhosted.org/packages/10/0f/23cced68ead67b75d77cfcca3df4991d1855c897ee0ff3fe25a56ed82108/numba-0.61.2-cp312-cp312-manylinux_2_28_aarch64.whl", hash = "sha256:48a53a3de8f8793526cbe330f2a39fe9a6638efcbf11bd63f3d2f9757ae345cd", size = 3577115, upload-time = "2025-04-09T02:57:56.818Z" },
    { url = "https://files.pythonhosted.org/packages/68/1d/ddb3e704c5a8fb90142bf9dc195c27db02a08a99f037395503bfbc1d14b3/numba-0.61.2-cp312-cp312-win_amd64.whl", hash = "sha256:97cf4f12c728cf77c9c1d7c23707e4d8fb4632b46275f8f3397de33e5877af18", size = 2831929, upload-time = "2025-04-09T02:57:58.45Z" },
    { url = "https://files.pythonhosted.org/packages/0b/f3/0fe4c1b1f2569e8a18ad90c159298d862f96c3964392a20d74fc628aee44/numba-0.61.2-cp313-cp313-macosx_10_14_x86_64.whl", hash = "sha256:3a10a8fc9afac40b1eac55717cece1b8b1ac0b946f5065c89e00bde646b5b154", size = 2771785, upload-time = "2025-04-09T02:57:59.96Z" },
    { url = "https://files.pythonhosted.org/packages/e9/71/91b277d712e46bd5059f8a5866862ed1116091a7cb03bd2704ba8ebe015f/numba-0.61.2-cp313-cp313-macosx_11_0_arm64.whl", hash = "sha256:7d3bcada3c9afba3bed413fba45845f2fb9cd0d2b27dd58a1be90257e293d140", size = 2773289, upload-time = "2025-04-09T02:58:01.435Z" },
    { url = "https://files.pythonhosted.org/packages/0d/e0/5ea04e7ad2c39288c0f0f9e8d47638ad70f28e275d092733b5817cf243c9/numba-0.61.2-cp313-cp313-manylinux2014_x86_64.manylinux_2_17_x86_64.whl", hash = "sha256:bdbca73ad81fa196bd53dc12e3aaf1564ae036e0c125f237c7644fe64a4928ab", size = 3893918, upload-time = "2025-04-09T02:58:02.933Z" },
    { url = "https://files.pythonhosted.org/packages/17/58/064f4dcb7d7e9412f16ecf80ed753f92297e39f399c905389688cf950b81/numba-0.61.2-cp313-cp313-manylinux_2_28_aarch64.whl", hash = "sha256:5f154aaea625fb32cfbe3b80c5456d514d416fcdf79733dd69c0df3a11348e9e", size = 3584056, upload-time = "2025-04-09T02:58:04.538Z" },
    { url = "https://files.pythonhosted.org/packages/af/a4/6d3a0f2d3989e62a18749e1e9913d5fa4910bbb3e3311a035baea6caf26d/numba-0.61.2-cp313-cp313-win_amd64.whl", hash = "sha256:59321215e2e0ac5fa928a8020ab00b8e57cda8a97384963ac0dfa4d4e6aa54e7", size = 2831846, upload-time = "2025-04-09T02:58:06.125Z" },
]

[[package]]
name = "numpy"
version = "2.2.6"
source = { registry = "https://pypi.org/simple" }
sdist = { url = "https://files.pythonhosted.org/packages/76/21/7d2a95e4bba9dc13d043ee156a356c0a8f0c6309dff6b21b4d71a073b8a8/numpy-2.2.6.tar.gz", hash = "sha256:e29554e2bef54a90aa5cc07da6ce955accb83f21ab5de01a62c8478897b264fd", size = 20276440, upload-time = "2025-05-17T22:38:04.611Z" }
wheels = [
    { url = "https://files.pythonhosted.org/packages/82/5d/c00588b6cf18e1da539b45d3598d3557084990dcc4331960c15ee776ee41/numpy-2.2.6-cp312-cp312-macosx_10_13_x86_64.whl", hash = "sha256:41c5a21f4a04fa86436124d388f6ed60a9343a6f767fced1a8a71c3fbca038ff", size = 20875348, upload-time = "2025-05-17T21:34:39.648Z" },
    { url = "https://files.pythonhosted.org/packages/66/ee/560deadcdde6c2f90200450d5938f63a34b37e27ebff162810f716f6a230/numpy-2.2.6-cp312-cp312-macosx_11_0_arm64.whl", hash = "sha256:de749064336d37e340f640b05f24e9e3dd678c57318c7289d222a8a2f543e90c", size = 14119362, upload-time = "2025-05-17T21:35:01.241Z" },
    { url = "https://files.pythonhosted.org/packages/3c/65/4baa99f1c53b30adf0acd9a5519078871ddde8d2339dc5a7fde80d9d87da/numpy-2.2.6-cp312-cp312-macosx_14_0_arm64.whl", hash = "sha256:894b3a42502226a1cac872f840030665f33326fc3dac8e57c607905773cdcde3", size = 5084103, upload-time = "2025-05-17T21:35:10.622Z" },
    { url = "https://files.pythonhosted.org/packages/cc/89/e5a34c071a0570cc40c9a54eb472d113eea6d002e9ae12bb3a8407fb912e/numpy-2.2.6-cp312-cp312-macosx_14_0_x86_64.whl", hash = "sha256:71594f7c51a18e728451bb50cc60a3ce4e6538822731b2933209a1f3614e9282", size = 6625382, upload-time = "2025-05-17T21:35:21.414Z" },
    { url = "https://files.pythonhosted.org/packages/f8/35/8c80729f1ff76b3921d5c9487c7ac3de9b2a103b1cd05e905b3090513510/numpy-2.2.6-cp312-cp312-manylinux_2_17_aarch64.manylinux2014_aarch64.whl", hash = "sha256:f2618db89be1b4e05f7a1a847a9c1c0abd63e63a1607d892dd54668dd92faf87", size = 14018462, upload-time = "2025-05-17T21:35:42.174Z" },
    { url = "https://files.pythonhosted.org/packages/8c/3d/1e1db36cfd41f895d266b103df00ca5b3cbe965184df824dec5c08c6b803/numpy-2.2.6-cp312-cp312-manylinux_2_17_x86_64.manylinux2014_x86_64.whl", hash = "sha256:fd83c01228a688733f1ded5201c678f0c53ecc1006ffbc404db9f7a899ac6249", size = 16527618, upload-time = "2025-05-17T21:36:06.711Z" },
    { url = "https://files.pythonhosted.org/packages/61/c6/03ed30992602c85aa3cd95b9070a514f8b3c33e31124694438d88809ae36/numpy-2.2.6-cp312-cp312-musllinux_1_2_aarch64.whl", hash = "sha256:37c0ca431f82cd5fa716eca9506aefcabc247fb27ba69c5062a6d3ade8cf8f49", size = 15505511, upload-time = "2025-05-17T21:36:29.965Z" },
    { url = "https://files.pythonhosted.org/packages/b7/25/5761d832a81df431e260719ec45de696414266613c9ee268394dd5ad8236/numpy-2.2.6-cp312-cp312-musllinux_1_2_x86_64.whl", hash = "sha256:fe27749d33bb772c80dcd84ae7e8df2adc920ae8297400dabec45f0dedb3f6de", size = 18313783, upload-time = "2025-05-17T21:36:56.883Z" },
    { url = "https://files.pythonhosted.org/packages/57/0a/72d5a3527c5ebffcd47bde9162c39fae1f90138c961e5296491ce778e682/numpy-2.2.6-cp312-cp312-win32.whl", hash = "sha256:4eeaae00d789f66c7a25ac5f34b71a7035bb474e679f410e5e1a94deb24cf2d4", size = 6246506, upload-time = "2025-05-17T21:37:07.368Z" },
    { url = "https://files.pythonhosted.org/packages/36/fa/8c9210162ca1b88529ab76b41ba02d433fd54fecaf6feb70ef9f124683f1/numpy-2.2.6-cp312-cp312-win_amd64.whl", hash = "sha256:c1f9540be57940698ed329904db803cf7a402f3fc200bfe599334c9bd84a40b2", size = 12614190, upload-time = "2025-05-17T21:37:26.213Z" },
    { url = "https://files.pythonhosted.org/packages/f9/5c/6657823f4f594f72b5471f1db1ab12e26e890bb2e41897522d134d2a3e81/numpy-2.2.6-cp313-cp313-macosx_10_13_x86_64.whl", hash = "sha256:0811bb762109d9708cca4d0b13c4f67146e3c3b7cf8d34018c722adb2d957c84", size = 20867828, upload-time = "2025-05-17T21:37:56.699Z" },
    { url = "https://files.pythonhosted.org/packages/dc/9e/14520dc3dadf3c803473bd07e9b2bd1b69bc583cb2497b47000fed2fa92f/numpy-2.2.6-cp313-cp313-macosx_11_0_arm64.whl", hash = "sha256:287cc3162b6f01463ccd86be154f284d0893d2b3ed7292439ea97eafa8170e0b", size = 14143006, upload-time = "2025-05-17T21:38:18.291Z" },
    { url = "https://files.pythonhosted.org/packages/4f/06/7e96c57d90bebdce9918412087fc22ca9851cceaf5567a45c1f404480e9e/numpy-2.2.6-cp313-cp313-macosx_14_0_arm64.whl", hash = "sha256:f1372f041402e37e5e633e586f62aa53de2eac8d98cbfb822806ce4bbefcb74d", size = 5076765, upload-time = "2025-05-17T21:38:27.319Z" },
    { url = "https://files.pythonhosted.org/packages/73/ed/63d920c23b4289fdac96ddbdd6132e9427790977d5457cd132f18e76eae0/numpy-2.2.6-cp313-cp313-macosx_14_0_x86_64.whl", hash = "sha256:55a4d33fa519660d69614a9fad433be87e5252f4b03850642f88993f7b2ca566", size = 6617736, upload-time = "2025-05-17T21:38:38.141Z" },
    { url = "https://files.pythonhosted.org/packages/85/c5/e19c8f99d83fd377ec8c7e0cf627a8049746da54afc24ef0a0cb73d5dfb5/numpy-2.2.6-cp313-cp313-manylinux_2_17_aarch64.manylinux2014_aarch64.whl", hash = "sha256:f92729c95468a2f4f15e9bb94c432a9229d0d50de67304399627a943201baa2f", size = 14010719, upload-time = "2025-05-17T21:38:58.433Z" },
    { url = "https://files.pythonhosted.org/packages/19/49/4df9123aafa7b539317bf6d342cb6d227e49f7a35b99c287a6109b13dd93/numpy-2.2.6-cp313-cp313-manylinux_2_17_x86_64.manylinux2014_x86_64.whl", hash = "sha256:1bc23a79bfabc5d056d106f9befb8d50c31ced2fbc70eedb8155aec74a45798f", size = 16526072, upload-time = "2025-05-17T21:39:22.638Z" },
    { url = "https://files.pythonhosted.org/packages/b2/6c/04b5f47f4f32f7c2b0e7260442a8cbcf8168b0e1a41ff1495da42f42a14f/numpy-2.2.6-cp313-cp313-musllinux_1_2_aarch64.whl", hash = "sha256:e3143e4451880bed956e706a3220b4e5cf6172ef05fcc397f6f36a550b1dd868", size = 15503213, upload-time = "2025-05-17T21:39:45.865Z" },
    { url = "https://files.pythonhosted.org/packages/17/0a/5cd92e352c1307640d5b6fec1b2ffb06cd0dabe7d7b8227f97933d378422/numpy-2.2.6-cp313-cp313-musllinux_1_2_x86_64.whl", hash = "sha256:b4f13750ce79751586ae2eb824ba7e1e8dba64784086c98cdbbcc6a42112ce0d", size = 18316632, upload-time = "2025-05-17T21:40:13.331Z" },
    { url = "https://files.pythonhosted.org/packages/f0/3b/5cba2b1d88760ef86596ad0f3d484b1cbff7c115ae2429678465057c5155/numpy-2.2.6-cp313-cp313-win32.whl", hash = "sha256:5beb72339d9d4fa36522fc63802f469b13cdbe4fdab4a288f0c441b74272ebfd", size = 6244532, upload-time = "2025-05-17T21:43:46.099Z" },
    { url = "https://files.pythonhosted.org/packages/cb/3b/d58c12eafcb298d4e6d0d40216866ab15f59e55d148a5658bb3132311fcf/numpy-2.2.6-cp313-cp313-win_amd64.whl", hash = "sha256:b0544343a702fa80c95ad5d3d608ea3599dd54d4632df855e4c8d24eb6ecfa1c", size = 12610885, upload-time = "2025-05-17T21:44:05.145Z" },
    { url = "https://files.pythonhosted.org/packages/6b/9e/4bf918b818e516322db999ac25d00c75788ddfd2d2ade4fa66f1f38097e1/numpy-2.2.6-cp313-cp313t-macosx_10_13_x86_64.whl", hash = "sha256:0bca768cd85ae743b2affdc762d617eddf3bcf8724435498a1e80132d04879e6", size = 20963467, upload-time = "2025-05-17T21:40:44Z" },
    { url = "https://files.pythonhosted.org/packages/61/66/d2de6b291507517ff2e438e13ff7b1e2cdbdb7cb40b3ed475377aece69f9/numpy-2.2.6-cp313-cp313t-macosx_11_0_arm64.whl", hash = "sha256:fc0c5673685c508a142ca65209b4e79ed6740a4ed6b2267dbba90f34b0b3cfda", size = 14225144, upload-time = "2025-05-17T21:41:05.695Z" },
    { url = "https://files.pythonhosted.org/packages/e4/25/480387655407ead912e28ba3a820bc69af9adf13bcbe40b299d454ec011f/numpy-2.2.6-cp313-cp313t-macosx_14_0_arm64.whl", hash = "sha256:5bd4fc3ac8926b3819797a7c0e2631eb889b4118a9898c84f585a54d475b7e40", size = 5200217, upload-time = "2025-05-17T21:41:15.903Z" },
    { url = "https://files.pythonhosted.org/packages/aa/4a/6e313b5108f53dcbf3aca0c0f3e9c92f4c10ce57a0a721851f9785872895/numpy-2.2.6-cp313-cp313t-macosx_14_0_x86_64.whl", hash = "sha256:fee4236c876c4e8369388054d02d0e9bb84821feb1a64dd59e137e6511a551f8", size = 6712014, upload-time = "2025-05-17T21:41:27.321Z" },
    { url = "https://files.pythonhosted.org/packages/b7/30/172c2d5c4be71fdf476e9de553443cf8e25feddbe185e0bd88b096915bcc/numpy-2.2.6-cp313-cp313t-manylinux_2_17_aarch64.manylinux2014_aarch64.whl", hash = "sha256:e1dda9c7e08dc141e0247a5b8f49cf05984955246a327d4c48bda16821947b2f", size = 14077935, upload-time = "2025-05-17T21:41:49.738Z" },
    { url = "https://files.pythonhosted.org/packages/12/fb/9e743f8d4e4d3c710902cf87af3512082ae3d43b945d5d16563f26ec251d/numpy-2.2.6-cp313-cp313t-manylinux_2_17_x86_64.manylinux2014_x86_64.whl", hash = "sha256:f447e6acb680fd307f40d3da4852208af94afdfab89cf850986c3ca00562f4fa", size = 16600122, upload-time = "2025-05-17T21:42:14.046Z" },
    { url = "https://files.pythonhosted.org/packages/12/75/ee20da0e58d3a66f204f38916757e01e33a9737d0b22373b3eb5a27358f9/numpy-2.2.6-cp313-cp313t-musllinux_1_2_aarch64.whl", hash = "sha256:389d771b1623ec92636b0786bc4ae56abafad4a4c513d36a55dce14bd9ce8571", size = 15586143, upload-time = "2025-05-17T21:42:37.464Z" },
    { url = "https://files.pythonhosted.org/packages/76/95/bef5b37f29fc5e739947e9ce5179ad402875633308504a52d188302319c8/numpy-2.2.6-cp313-cp313t-musllinux_1_2_x86_64.whl", hash = "sha256:8e9ace4a37db23421249ed236fdcdd457d671e25146786dfc96835cd951aa7c1", size = 18385260, upload-time = "2025-05-17T21:43:05.189Z" },
    { url = "https://files.pythonhosted.org/packages/09/04/f2f83279d287407cf36a7a8053a5abe7be3622a4363337338f2585e4afda/numpy-2.2.6-cp313-cp313t-win32.whl", hash = "sha256:038613e9fb8c72b0a41f025a7e4c3f0b7a1b5d768ece4796b674c8f3fe13efff", size = 6377225, upload-time = "2025-05-17T21:43:16.254Z" },
    { url = "https://files.pythonhosted.org/packages/67/0e/35082d13c09c02c011cf21570543d202ad929d961c02a147493cb0c2bdf5/numpy-2.2.6-cp313-cp313t-win_amd64.whl", hash = "sha256:6031dd6dfecc0cf9f668681a37648373bddd6421fff6c66ec1624eed0180ee06", size = 12771374, upload-time = "2025-05-17T21:43:35.479Z" },
]

[[package]]
name = "packaging"
version = "25.0"
source = { registry = "https://pypi.org/simple" }
sdist = { url = "https://files.pythonhosted.org/packages/a1/d4/1fc4078c65507b51b96ca8f8c3ba19e6a61c8253c72794544580a7b6c24d/packaging-25.0.tar.gz", hash = "sha256:d443872c98d677bf60f6a1f2f8c1cb748e8fe762d2bf9d3148b5599295b0fc4f", size = 165727, upload-time = "2025-04-19T11:48:59.673Z" }
wheels = [
    { url = "https://files.pythonhosted.org/packages/20/12/38679034af332785aac8774540895e234f4d07f7545804097de4b666afd8/packaging-25.0-py3-none-any.whl", hash = "sha256:29572ef2b1f17581046b3a2227d5c611fb25ec70ca1ba8554b24b0e69331a484", size = 66469, upload-time = "2025-04-19T11:48:57.875Z" },
]

[[package]]
name = "pathspec"
version = "0.12.1"
source = { registry = "https://pypi.org/simple" }
sdist = { url = "https://files.pythonhosted.org/packages/ca/bc/f35b8446f4531a7cb215605d100cd88b7ac6f44ab3fc94870c120ab3adbf/pathspec-0.12.1.tar.gz", hash = "sha256:a482d51503a1ab33b1c67a6c3813a26953dbdc71c31dacaef9a838c4e29f5712", size = 51043, upload-time = "2023-12-10T22:30:45Z" }
wheels = [
    { url = "https://files.pythonhosted.org/packages/cc/20/ff623b09d963f88bfde16306a54e12ee5ea43e9b597108672ff3a408aad6/pathspec-0.12.1-py3-none-any.whl", hash = "sha256:a0d503e138a4c123b27490a4f7beda6a01c6f288df0e4a8b79c7eb0dc7b4cc08", size = 31191, upload-time = "2023-12-10T22:30:43.14Z" },
]

[[package]]
name = "platformdirs"
version = "4.3.8"
source = { registry = "https://pypi.org/simple" }
sdist = { url = "https://files.pythonhosted.org/packages/fe/8b/3c73abc9c759ecd3f1f7ceff6685840859e8070c4d947c93fae71f6a0bf2/platformdirs-4.3.8.tar.gz", hash = "sha256:3d512d96e16bcb959a814c9f348431070822a6496326a4be0911c40b5a74c2bc", size = 21362, upload-time = "2025-05-07T22:47:42.121Z" }
wheels = [
    { url = "https://files.pythonhosted.org/packages/fe/39/979e8e21520d4e47a0bbe349e2713c0aac6f3d853d0e5b34d76206c439aa/platformdirs-4.3.8-py3-none-any.whl", hash = "sha256:ff7059bb7eb1179e2685604f4aaf157cfd9535242bd23742eadc3c13542139b4", size = 18567, upload-time = "2025-05-07T22:47:40.376Z" },
]

[[package]]
name = "pre-commit"
version = "4.3.0"
source = { registry = "https://pypi.org/simple" }
dependencies = [
    { name = "cfgv" },
    { name = "identify" },
    { name = "nodeenv" },
    { name = "pyyaml" },
    { name = "virtualenv" },
]
sdist = { url = "https://files.pythonhosted.org/packages/ff/29/7cf5bbc236333876e4b41f56e06857a87937ce4bf91e117a6991a2dbb02a/pre_commit-4.3.0.tar.gz", hash = "sha256:499fe450cc9d42e9d58e606262795ecb64dd05438943c62b66f6a8673da30b16", size = 193792, upload-time = "2025-08-09T18:56:14.651Z" }
wheels = [
    { url = "https://files.pythonhosted.org/packages/5b/a5/987a405322d78a73b66e39e4a90e4ef156fd7141bf71df987e50717c321b/pre_commit-4.3.0-py2.py3-none-any.whl", hash = "sha256:2b0747ad7e6e967169136edffee14c16e148a778a54e4f967921aa1ebf2308d8", size = 220965, upload-time = "2025-08-09T18:56:13.192Z" },
]

[[package]]
name = "pygame"
version = "2.6.1"
source = { registry = "https://pypi.org/simple" }
sdist = { url = "https://files.pythonhosted.org/packages/49/cc/08bba60f00541f62aaa252ce0cfbd60aebd04616c0b9574f755b583e45ae/pygame-2.6.1.tar.gz", hash = "sha256:56fb02ead529cee00d415c3e007f75e0780c655909aaa8e8bf616ee09c9feb1f", size = 14808125, upload-time = "2024-09-29T13:41:34.698Z" }
wheels = [
    { url = "https://files.pythonhosted.org/packages/92/16/2c602c332f45ff9526d61f6bd764db5096ff9035433e2172e2d2cadae8db/pygame-2.6.1-cp312-cp312-macosx_10_9_x86_64.whl", hash = "sha256:4ee7f2771f588c966fa2fa8b829be26698c9b4836f82ede5e4edc1a68594942e", size = 13118279, upload-time = "2024-09-29T14:26:30.427Z" },
    { url = "https://files.pythonhosted.org/packages/cd/53/77ccbc384b251c6e34bfd2e734c638233922449a7844e3c7a11ef91cee39/pygame-2.6.1-cp312-cp312-macosx_11_0_arm64.whl", hash = "sha256:c8040ea2ab18c6b255af706ec01355c8a6b08dc48d77fd4ee783f8fc46a843bf", size = 12384524, upload-time = "2024-09-29T14:26:49.996Z" },
    { url = "https://files.pythonhosted.org/packages/06/be/3ed337583f010696c3b3435e89a74fb29d0c74d0931e8f33c0a4246307a9/pygame-2.6.1-cp312-cp312-manylinux_2_17_aarch64.manylinux2014_aarch64.whl", hash = "sha256:c47a6938de93fa610accd4969e638c2aebcb29b2fca518a84c3a39d91ab47116", size = 13587123, upload-time = "2024-09-29T11:10:50.072Z" },
    { url = "https://files.pythonhosted.org/packages/fd/ca/b015586a450db59313535662991b34d24c1f0c0dc149cc5f496573900f4e/pygame-2.6.1-cp312-cp312-manylinux_2_17_i686.manylinux2014_i686.whl", hash = "sha256:33006f784e1c7d7e466fcb61d5489da59cc5f7eb098712f792a225df1d4e229d", size = 14275532, upload-time = "2024-09-29T11:39:59.356Z" },
    { url = "https://files.pythonhosted.org/packages/b9/f2/d31e6ad42d657af07be2ffd779190353f759a07b51232b9e1d724f2cda46/pygame-2.6.1-cp312-cp312-manylinux_2_17_x86_64.manylinux2014_x86_64.whl", hash = "sha256:1206125f14cae22c44565c9d333607f1d9f59487b1f1432945dfc809aeaa3e88", size = 13952653, upload-time = "2024-09-29T11:40:01.781Z" },
    { url = "https://files.pythonhosted.org/packages/f3/42/8ea2a6979e6fa971702fece1747e862e2256d4a8558fe0da6364dd946c53/pygame-2.6.1-cp312-cp312-win32.whl", hash = "sha256:84fc4054e25262140d09d39e094f6880d730199710829902f0d8ceae0213379e", size = 10252421, upload-time = "2024-09-29T11:14:26.877Z" },
    { url = "https://files.pythonhosted.org/packages/5f/90/7d766d54bb95939725e9a9361f9c06b0cfbe3fe100aa35400f0a461a278a/pygame-2.6.1-cp312-cp312-win_amd64.whl", hash = "sha256:3a9e7396be0d9633831c3f8d5d82dd63ba373ad65599628294b7a4f8a5a01a65", size = 10624591, upload-time = "2024-09-29T11:52:54.489Z" },
    { url = "https://files.pythonhosted.org/packages/e1/91/718acf3e2a9d08a6ddcc96bd02a6f63c99ee7ba14afeaff2a51c987df0b9/pygame-2.6.1-cp313-cp313-macosx_10_13_x86_64.whl", hash = "sha256:ae6039f3a55d800db80e8010f387557b528d34d534435e0871326804df2a62f2", size = 13090765, upload-time = "2024-09-29T14:27:02.377Z" },
    { url = "https://files.pythonhosted.org/packages/0e/c6/9cb315de851a7682d9c7568a41ea042ee98d668cb8deadc1dafcab6116f0/pygame-2.6.1-cp313-cp313-macosx_11_0_arm64.whl", hash = "sha256:2a3a1288e2e9b1e5834e425bedd5ba01a3cd4902b5c2bff8ed4a740ccfe98171", size = 12381704, upload-time = "2024-09-29T14:27:10.228Z" },
    { url = "https://files.pythonhosted.org/packages/9f/8f/617a1196e31ae3b46be6949fbaa95b8c93ce15e0544266198c2266cc1b4d/pygame-2.6.1-cp313-cp313-manylinux_2_17_aarch64.manylinux2014_aarch64.whl", hash = "sha256:27eb17e3dc9640e4b4683074f1890e2e879827447770470c2aba9f125f74510b", size = 13581091, upload-time = "2024-09-29T11:30:27.653Z" },
    { url = "https://files.pythonhosted.org/packages/3b/87/2851a564e40a2dad353f1c6e143465d445dab18a95281f9ea458b94f3608/pygame-2.6.1-cp313-cp313-manylinux_2_17_i686.manylinux2014_i686.whl", hash = "sha256:4c1623180e70a03c4a734deb9bac50fc9c82942ae84a3a220779062128e75f3b", size = 14273844, upload-time = "2024-09-29T11:40:04.138Z" },
    { url = "https://files.pythonhosted.org/packages/85/b5/aa23aa2e70bcba42c989c02e7228273c30f3b44b9b264abb93eaeff43ad7/pygame-2.6.1-cp313-cp313-manylinux_2_17_x86_64.manylinux2014_x86_64.whl", hash = "sha256:ef07c0103d79492c21fced9ad68c11c32efa6801ca1920ebfd0f15fb46c78b1c", size = 13951197, upload-time = "2024-09-29T11:40:06.785Z" },
    { url = "https://files.pythonhosted.org/packages/a6/06/29e939b34d3f1354738c7d201c51c250ad7abefefaf6f8332d962ff67c4b/pygame-2.6.1-cp313-cp313-win32.whl", hash = "sha256:3acd8c009317190c2bfd81db681ecef47d5eb108c2151d09596d9c7ea9df5c0e", size = 10249309, upload-time = "2024-09-29T11:10:23.329Z" },
    { url = "https://files.pythonhosted.org/packages/7e/11/17f7f319ca91824b86557e9303e3b7a71991ef17fd45286bf47d7f0a38e6/pygame-2.6.1-cp313-cp313-win_amd64.whl", hash = "sha256:813af4fba5d0b2cb8e58f5d95f7910295c34067dcc290d34f1be59c48bd1ea6a", size = 10620084, upload-time = "2024-09-29T11:48:51.587Z" },
]

[[package]]
name = "pyyaml"
version = "6.0.2"
source = { registry = "https://pypi.org/simple" }
sdist = { url = "https://files.pythonhosted.org/packages/54/ed/79a089b6be93607fa5cdaedf301d7dfb23af5f25c398d5ead2525b063e17/pyyaml-6.0.2.tar.gz", hash = "sha256:d584d9ec91ad65861cc08d42e834324ef890a082e591037abe114850ff7bbc3e", size = 130631, upload-time = "2024-08-06T20:33:50.674Z" }
wheels = [
    { url = "https://files.pythonhosted.org/packages/86/0c/c581167fc46d6d6d7ddcfb8c843a4de25bdd27e4466938109ca68492292c/PyYAML-6.0.2-cp312-cp312-macosx_10_9_x86_64.whl", hash = "sha256:c70c95198c015b85feafc136515252a261a84561b7b1d51e3384e0655ddf25ab", size = 183873, upload-time = "2024-08-06T20:32:25.131Z" },
    { url = "https://files.pythonhosted.org/packages/a8/0c/38374f5bb272c051e2a69281d71cba6fdb983413e6758b84482905e29a5d/PyYAML-6.0.2-cp312-cp312-macosx_11_0_arm64.whl", hash = "sha256:ce826d6ef20b1bc864f0a68340c8b3287705cae2f8b4b1d932177dcc76721725", size = 173302, upload-time = "2024-08-06T20:32:26.511Z" },
    { url = "https://files.pythonhosted.org/packages/c3/93/9916574aa8c00aa06bbac729972eb1071d002b8e158bd0e83a3b9a20a1f7/PyYAML-6.0.2-cp312-cp312-manylinux_2_17_aarch64.manylinux2014_aarch64.whl", hash = "sha256:1f71ea527786de97d1a0cc0eacd1defc0985dcf6b3f17bb77dcfc8c34bec4dc5", size = 739154, upload-time = "2024-08-06T20:32:28.363Z" },
    { url = "https://files.pythonhosted.org/packages/95/0f/b8938f1cbd09739c6da569d172531567dbcc9789e0029aa070856f123984/PyYAML-6.0.2-cp312-cp312-manylinux_2_17_s390x.manylinux2014_s390x.whl", hash = "sha256:9b22676e8097e9e22e36d6b7bda33190d0d400f345f23d4065d48f4ca7ae0425", size = 766223, upload-time = "2024-08-06T20:32:30.058Z" },
    { url = "https://files.pythonhosted.org/packages/b9/2b/614b4752f2e127db5cc206abc23a8c19678e92b23c3db30fc86ab731d3bd/PyYAML-6.0.2-cp312-cp312-manylinux_2_17_x86_64.manylinux2014_x86_64.whl", hash = "sha256:80bab7bfc629882493af4aa31a4cfa43a4c57c83813253626916b8c7ada83476", size = 767542, upload-time = "2024-08-06T20:32:31.881Z" },
    { url = "https://files.pythonhosted.org/packages/d4/00/dd137d5bcc7efea1836d6264f049359861cf548469d18da90cd8216cf05f/PyYAML-6.0.2-cp312-cp312-musllinux_1_1_aarch64.whl", hash = "sha256:0833f8694549e586547b576dcfaba4a6b55b9e96098b36cdc7ebefe667dfed48", size = 731164, upload-time = "2024-08-06T20:32:37.083Z" },
    { url = "https://files.pythonhosted.org/packages/c9/1f/4f998c900485e5c0ef43838363ba4a9723ac0ad73a9dc42068b12aaba4e4/PyYAML-6.0.2-cp312-cp312-musllinux_1_1_x86_64.whl", hash = "sha256:8b9c7197f7cb2738065c481a0461e50ad02f18c78cd75775628afb4d7137fb3b", size = 756611, upload-time = "2024-08-06T20:32:38.898Z" },
    { url = "https://files.pythonhosted.org/packages/df/d1/f5a275fdb252768b7a11ec63585bc38d0e87c9e05668a139fea92b80634c/PyYAML-6.0.2-cp312-cp312-win32.whl", hash = "sha256:ef6107725bd54b262d6dedcc2af448a266975032bc85ef0172c5f059da6325b4", size = 140591, upload-time = "2024-08-06T20:32:40.241Z" },
    { url = "https://files.pythonhosted.org/packages/0c/e8/4f648c598b17c3d06e8753d7d13d57542b30d56e6c2dedf9c331ae56312e/PyYAML-6.0.2-cp312-cp312-win_amd64.whl", hash = "sha256:7e7401d0de89a9a855c839bc697c079a4af81cf878373abd7dc625847d25cbd8", size = 156338, upload-time = "2024-08-06T20:32:41.93Z" },
    { url = "https://files.pythonhosted.org/packages/ef/e3/3af305b830494fa85d95f6d95ef7fa73f2ee1cc8ef5b495c7c3269fb835f/PyYAML-6.0.2-cp313-cp313-macosx_10_13_x86_64.whl", hash = "sha256:efdca5630322a10774e8e98e1af481aad470dd62c3170801852d752aa7a783ba", size = 181309, upload-time = "2024-08-06T20:32:43.4Z" },
    { url = "https://files.pythonhosted.org/packages/45/9f/3b1c20a0b7a3200524eb0076cc027a970d320bd3a6592873c85c92a08731/PyYAML-6.0.2-cp313-cp313-macosx_11_0_arm64.whl", hash = "sha256:50187695423ffe49e2deacb8cd10510bc361faac997de9efef88badc3bb9e2d1", size = 171679, upload-time = "2024-08-06T20:32:44.801Z" },
    { url = "https://files.pythonhosted.org/packages/7c/9a/337322f27005c33bcb656c655fa78325b730324c78620e8328ae28b64d0c/PyYAML-6.0.2-cp313-cp313-manylinux_2_17_aarch64.manylinux2014_aarch64.whl", hash = "sha256:0ffe8360bab4910ef1b9e87fb812d8bc0a308b0d0eef8c8f44e0254ab3b07133", size = 733428, upload-time = "2024-08-06T20:32:46.432Z" },
    { url = "https://files.pythonhosted.org/packages/a3/69/864fbe19e6c18ea3cc196cbe5d392175b4cf3d5d0ac1403ec3f2d237ebb5/PyYAML-6.0.2-cp313-cp313-manylinux_2_17_s390x.manylinux2014_s390x.whl", hash = "sha256:17e311b6c678207928d649faa7cb0d7b4c26a0ba73d41e99c4fff6b6c3276484", size = 763361, upload-time = "2024-08-06T20:32:51.188Z" },
    { url = "https://files.pythonhosted.org/packages/04/24/b7721e4845c2f162d26f50521b825fb061bc0a5afcf9a386840f23ea19fa/PyYAML-6.0.2-cp313-cp313-manylinux_2_17_x86_64.manylinux2014_x86_64.whl", hash = "sha256:70b189594dbe54f75ab3a1acec5f1e3faa7e8cf2f1e08d9b561cb41b845f69d5", size = 759523, upload-time = "2024-08-06T20:32:53.019Z" },
    { url = "https://files.pythonhosted.org/packages/2b/b2/e3234f59ba06559c6ff63c4e10baea10e5e7df868092bf9ab40e5b9c56b6/PyYAML-6.0.2-cp313-cp313-musllinux_1_1_aarch64.whl", hash = "sha256:41e4e3953a79407c794916fa277a82531dd93aad34e29c2a514c2c0c5fe971cc", size = 726660, upload-time = "2024-08-06T20:32:54.708Z" },
    { url = "https://files.pythonhosted.org/packages/fe/0f/25911a9f080464c59fab9027482f822b86bf0608957a5fcc6eaac85aa515/PyYAML-6.0.2-cp313-cp313-musllinux_1_1_x86_64.whl", hash = "sha256:68ccc6023a3400877818152ad9a1033e3db8625d899c72eacb5a668902e4d652", size = 751597, upload-time = "2024-08-06T20:32:56.985Z" },
    { url = "https://files.pythonhosted.org/packages/14/0d/e2c3b43bbce3cf6bd97c840b46088a3031085179e596d4929729d8d68270/PyYAML-6.0.2-cp313-cp313-win32.whl", hash = "sha256:bc2fa7c6b47d6bc618dd7fb02ef6fdedb1090ec036abab80d4681424b84c1183", size = 140527, upload-time = "2024-08-06T20:33:03.001Z" },
    { url = "https://files.pythonhosted.org/packages/fa/de/02b54f42487e3d3c6efb3f89428677074ca7bf43aae402517bc7cca949f3/PyYAML-6.0.2-cp313-cp313-win_amd64.whl", hash = "sha256:8388ee1976c416731879ac16da0aff3f63b286ffdd57cdeb95f3f2e085687563", size = 156446, upload-time = "2024-08-06T20:33:04.33Z" },
]

[[package]]
name = "typing-extensions"
version = "4.14.0"
source = { registry = "https://pypi.org/simple" }
sdist = { url = "https://files.pythonhosted.org/packages/d1/bc/51647cd02527e87d05cb083ccc402f93e441606ff1f01739a62c8ad09ba5/typing_extensions-4.14.0.tar.gz", hash = "sha256:8676b788e32f02ab42d9e7c61324048ae4c6d844a399eebace3d4979d75ceef4", size = 107423, upload-time = "2025-06-02T14:52:11.399Z" }
wheels = [
    { url = "https://files.pythonhosted.org/packages/69/e0/552843e0d356fbb5256d21449fa957fa4eff3bbc135a74a691ee70c7c5da/typing_extensions-4.14.0-py3-none-any.whl", hash = "sha256:a1514509136dd0b477638fc68d6a91497af5076466ad0fa6c338e44e359944af", size = 43839, upload-time = "2025-06-02T14:52:10.026Z" },
]

[[package]]
name = "virtualenv"
version = "20.31.2"
source = { registry = "https://pypi.org/simple" }
dependencies = [
    { name = "distlib" },
    { name = "filelock" },
    { name = "platformdirs" },
]
sdist = { url = "https://files.pythonhosted.org/packages/56/2c/444f465fb2c65f40c3a104fd0c495184c4f2336d65baf398e3c75d72ea94/virtualenv-20.31.2.tar.gz", hash = "sha256:e10c0a9d02835e592521be48b332b6caee6887f332c111aa79a09b9e79efc2af", size = 6076316, upload-time = "2025-05-08T17:58:23.811Z" }
wheels = [
    { url = "https://files.pythonhosted.org/packages/f3/40/b1c265d4b2b62b58576588510fc4d1fe60a86319c8de99fd8e9fec617d2c/virtualenv-20.31.2-py3-none-any.whl", hash = "sha256:36efd0d9650ee985f0cad72065001e66d49a6f24eb44d98980f630686243cf11", size = 6057982, upload-time = "2025-05-08T17:58:21.15Z" },
]
